// !$*UTF8*$!
{
	archiveVersion = 1;
	classes = {
	};
	objectVersion = 50;
	objects = {

/* Begin PBXBuildFile section */
		A8F40BDC1F97B5B853A8066A /* libPods-RWPickFlavor.a in Frameworks */ = {isa = PBXBuildFile; fileRef = A2FB9711BD33B8BFC7DD6100 /* libPods-RWPickFlavor.a */; };
		D8453177213695D3002F8AE4 /* RWPickFlavor.h in Headers */ = {isa = PBXBuildFile; fileRef = D8453175213695D3002F8AE4 /* RWPickFlavor.h */; settings = {ATTRIBUTES = (Public, ); }; };
		D88E643D2136C6C8004473D7 /* PickFlavorViewController.swift in Sources */ = {isa = PBXBuildFile; fileRef = D88E642F2136C6C8004473D7 /* PickFlavorViewController.swift */; };
		D88E643E2136C6C8004473D7 /* PickFlavorDataSource.swift in Sources */ = {isa = PBXBuildFile; fileRef = D88E64302136C6C8004473D7 /* PickFlavorDataSource.swift */; };
		D88E643F2136C6C8004473D7 /* RGBAColorFromString.swift in Sources */ = {isa = PBXBuildFile; fileRef = D88E64322136C6C8004473D7 /* RGBAColorFromString.swift */; };
		D88E64402136C6C8004473D7 /* Flavor.swift in Sources */ = {isa = PBXBuildFile; fileRef = D88E64342136C6C8004473D7 /* Flavor.swift */; };
		D88E64412136C6C8004473D7 /* Images.xcassets in Resources */ = {isa = PBXBuildFile; fileRef = D88E64362136C6C8004473D7 /* Images.xcassets */; };
		D88E64422136C6C8004473D7 /* ScoopCell.swift in Sources */ = {isa = PBXBuildFile; fileRef = D88E64382136C6C8004473D7 /* ScoopCell.swift */; };
		D88E64432136C6C8004473D7 /* ScoopView.swift in Sources */ = {isa = PBXBuildFile; fileRef = D88E64392136C6C8004473D7 /* ScoopView.swift */; };
		D88E64442136C6C8004473D7 /* Main.storyboard in Resources */ = {isa = PBXBuildFile; fileRef = D88E643A2136C6C8004473D7 /* Main.storyboard */; };
		D88E64452136C6C8004473D7 /* IceCreamView.swift in Sources */ = {isa = PBXBuildFile; fileRef = D88E643C2136C6C8004473D7 /* IceCreamView.swift */; };
/* End PBXBuildFile section */

/* Begin PBXFileReference section */
		287A185992F9435690939A4D /* Pods-RWPickFlavor.debug.xcconfig */ = {isa = PBXFileReference; includeInIndex = 1; lastKnownFileType = text.xcconfig; name = "Pods-RWPickFlavor.debug.xcconfig"; path = "Pods/Target Support Files/Pods-RWPickFlavor/Pods-RWPickFlavor.debug.xcconfig"; sourceTree = "<group>"; };
		A2FB9711BD33B8BFC7DD6100 /* libPods-RWPickFlavor.a */ = {isa = PBXFileReference; explicitFileType = archive.ar; includeInIndex = 0; path = "libPods-RWPickFlavor.a"; sourceTree = BUILT_PRODUCTS_DIR; };
		D8453172213695D3002F8AE4 /* RWPickFlavor.framework */ = {isa = PBXFileReference; explicitFileType = wrapper.framework; includeInIndex = 0; path = RWPickFlavor.framework; sourceTree = BUILT_PRODUCTS_DIR; };
		D8453175213695D3002F8AE4 /* RWPickFlavor.h */ = {isa = PBXFileReference; lastKnownFileType = sourcecode.c.h; path = RWPickFlavor.h; sourceTree = "<group>"; };
		D8453176213695D3002F8AE4 /* Info.plist */ = {isa = PBXFileReference; lastKnownFileType = text.plist.xml; path = Info.plist; sourceTree = "<group>"; };
		D88E642F2136C6C8004473D7 /* PickFlavorViewController.swift */ = {isa = PBXFileReference; fileEncoding = 4; lastKnownFileType = sourcecode.swift; path = PickFlavorViewController.swift; sourceTree = "<group>"; };
		D88E64302136C6C8004473D7 /* PickFlavorDataSource.swift */ = {isa = PBXFileReference; fileEncoding = 4; lastKnownFileType = sourcecode.swift; path = PickFlavorDataSource.swift; sourceTree = "<group>"; };
		D88E64322136C6C8004473D7 /* RGBAColorFromString.swift */ = {isa = PBXFileReference; fileEncoding = 4; lastKnownFileType = sourcecode.swift; path = RGBAColorFromString.swift; sourceTree = "<group>"; };
		D88E64342136C6C8004473D7 /* Flavor.swift */ = {isa = PBXFileReference; fileEncoding = 4; lastKnownFileType = sourcecode.swift; path = Flavor.swift; sourceTree = "<group>"; };
		D88E64362136C6C8004473D7 /* Images.xcassets */ = {isa = PBXFileReference; lastKnownFileType = folder.assetcatalog; path = Images.xcassets; sourceTree = "<group>"; };
		D88E64382136C6C8004473D7 /* ScoopCell.swift */ = {isa = PBXFileReference; fileEncoding = 4; lastKnownFileType = sourcecode.swift; path = ScoopCell.swift; sourceTree = "<group>"; };
		D88E64392136C6C8004473D7 /* ScoopView.swift */ = {isa = PBXFileReference; fileEncoding = 4; lastKnownFileType = sourcecode.swift; path = ScoopView.swift; sourceTree = "<group>"; };
		D88E643B2136C6C8004473D7 /* Base */ = {isa = PBXFileReference; lastKnownFileType = file.storyboard; name = Base; path = Base.lproj/Main.storyboard; sourceTree = "<group>"; };
		D88E643C2136C6C8004473D7 /* IceCreamView.swift */ = {isa = PBXFileReference; fileEncoding = 4; lastKnownFileType = sourcecode.swift; path = IceCreamView.swift; sourceTree = "<group>"; };
		F2733F204C4276E45C58BA68 /* Pods-RWPickFlavor.release.xcconfig */ = {isa = PBXFileReference; includeInIndex = 1; lastKnownFileType = text.xcconfig; name = "Pods-RWPickFlavor.release.xcconfig"; path = "Pods/Target Support Files/Pods-RWPickFlavor/Pods-RWPickFlavor.release.xcconfig"; sourceTree = "<group>"; };
/* End PBXFileReference section */

/* Begin PBXFrameworksBuildPhase section */
		D845316F213695D3002F8AE4 /* Frameworks */ = {
			isa = PBXFrameworksBuildPhase;
			buildActionMask = 2147483647;
			files = (
				A8F40BDC1F97B5B853A8066A /* libPods-RWPickFlavor.a in Frameworks */,
			);
			runOnlyForDeploymentPostprocessing = 0;
		};
/* End PBXFrameworksBuildPhase section */

/* Begin PBXGroup section */
		3498384862B3AA4CBEA37A53 /* Frameworks */ = {
			isa = PBXGroup;
			children = (
				A2FB9711BD33B8BFC7DD6100 /* libPods-RWPickFlavor.a */,
			);
			name = Frameworks;
			sourceTree = "<group>";
		};
		3E446A8A924760C39840CF27 /* Pods */ = {
			isa = PBXGroup;
			children = (
				287A185992F9435690939A4D /* Pods-RWPickFlavor.debug.xcconfig */,
				F2733F204C4276E45C58BA68 /* Pods-RWPickFlavor.release.xcconfig */,
			);
			name = Pods;
			sourceTree = "<group>";
		};
		D8453168213695D3002F8AE4 = {
			isa = PBXGroup;
			children = (
				D8453174213695D3002F8AE4 /* RWPickFlavor */,
				D8453173213695D3002F8AE4 /* Products */,
				3E446A8A924760C39840CF27 /* Pods */,
				3498384862B3AA4CBEA37A53 /* Frameworks */,
			);
			sourceTree = "<group>";
		};
		D8453173213695D3002F8AE4 /* Products */ = {
			isa = PBXGroup;
			children = (
				D8453172213695D3002F8AE4 /* RWPickFlavor.framework */,
			);
			name = Products;
			sourceTree = "<group>";
		};
		D8453174213695D3002F8AE4 /* RWPickFlavor */ = {
			isa = PBXGroup;
			children = (
				D88E64312136C6C8004473D7 /* Categories */,
				D88E642E2136C6C8004473D7 /* Controllers */,
				D88E64332136C6C8004473D7 /* Models */,
				D88E64352136C6C8004473D7 /* Resources */,
				D88E64372136C6C8004473D7 /* Views */,
				D8453175213695D3002F8AE4 /* RWPickFlavor.h */,
				D8453176213695D3002F8AE4 /* Info.plist */,
			);
			path = RWPickFlavor;
			sourceTree = "<group>";
		};
		D88E642E2136C6C8004473D7 /* Controllers */ = {
			isa = PBXGroup;
			children = (
				D88E642F2136C6C8004473D7 /* PickFlavorViewController.swift */,
				D88E64302136C6C8004473D7 /* PickFlavorDataSource.swift */,
			);
			path = Controllers;
			sourceTree = "<group>";
		};
		D88E64312136C6C8004473D7 /* Categories */ = {
			isa = PBXGroup;
			children = (
				D88E64322136C6C8004473D7 /* RGBAColorFromString.swift */,
			);
			path = Categories;
			sourceTree = "<group>";
		};
		D88E64332136C6C8004473D7 /* Models */ = {
			isa = PBXGroup;
			children = (
				D88E64342136C6C8004473D7 /* Flavor.swift */,
			);
			path = Models;
			sourceTree = "<group>";
		};
		D88E64352136C6C8004473D7 /* Resources */ = {
			isa = PBXGroup;
			children = (
				D88E64362136C6C8004473D7 /* Images.xcassets */,
			);
			path = Resources;
			sourceTree = "<group>";
		};
		D88E64372136C6C8004473D7 /* Views */ = {
			isa = PBXGroup;
			children = (
				D88E64382136C6C8004473D7 /* ScoopCell.swift */,
				D88E64392136C6C8004473D7 /* ScoopView.swift */,
				D88E643A2136C6C8004473D7 /* Main.storyboard */,
				D88E643C2136C6C8004473D7 /* IceCreamView.swift */,
			);
			path = Views;
			sourceTree = "<group>";
		};
/* End PBXGroup section */

/* Begin PBXHeadersBuildPhase section */
		D845316D213695D3002F8AE4 /* Headers */ = {
			isa = PBXHeadersBuildPhase;
			buildActionMask = 2147483647;
			files = (
				D8453177213695D3002F8AE4 /* RWPickFlavor.h in Headers */,
			);
			runOnlyForDeploymentPostprocessing = 0;
		};
/* End PBXHeadersBuildPhase section */

/* Begin PBXNativeTarget section */
		D8453171213695D3002F8AE4 /* RWPickFlavor */ = {
			isa = PBXNativeTarget;
			buildConfigurationList = D845317A213695D3002F8AE4 /* Build configuration list for PBXNativeTarget "RWPickFlavor" */;
			buildPhases = (
				4F9BA6DBCB8BCBA7E1A9BFD8 /* [CP] Check Pods Manifest.lock */,
				D845316D213695D3002F8AE4 /* Headers */,
				D845316E213695D3002F8AE4 /* Sources */,
				D845316F213695D3002F8AE4 /* Frameworks */,
				D8453170213695D3002F8AE4 /* Resources */,
			);
			buildRules = (
			);
			dependencies = (
			);
			name = RWPickFlavor;
			productName = RWPickFlavor;
			productReference = D8453172213695D3002F8AE4 /* RWPickFlavor.framework */;
			productType = "com.apple.product-type.framework";
		};
/* End PBXNativeTarget section */

/* Begin PBXProject section */
		D8453169213695D3002F8AE4 /* Project object */ = {
			isa = PBXProject;
			attributes = {
				LastUpgradeCheck = 1000;
				ORGANIZATIONNAME = HX;
				TargetAttributes = {
					D8453171213695D3002F8AE4 = {
						CreatedOnToolsVersion = 10.0;
					};
				};
			};
			buildConfigurationList = D845316C213695D3002F8AE4 /* Build configuration list for PBXProject "RWPickFlavor" */;
			compatibilityVersion = "Xcode 9.3";
			developmentRegion = en;
			hasScannedForEncodings = 0;
			knownRegions = (
				en,
				Base,
			);
			mainGroup = D8453168213695D3002F8AE4;
			productRefGroup = D8453173213695D3002F8AE4 /* Products */;
			projectDirPath = "";
			projectRoot = "";
			targets = (
				D8453171213695D3002F8AE4 /* RWPickFlavor */,
			);
		};
/* End PBXProject section */

/* Begin PBXResourcesBuildPhase section */
		D8453170213695D3002F8AE4 /* Resources */ = {
			isa = PBXResourcesBuildPhase;
			buildActionMask = 2147483647;
			files = (
				D88E64412136C6C8004473D7 /* Images.xcassets in Resources */,
				D88E64442136C6C8004473D7 /* Main.storyboard in Resources */,
			);
			runOnlyForDeploymentPostprocessing = 0;
		};
/* End PBXResourcesBuildPhase section */

/* Begin PBXShellScriptBuildPhase section */
		4F9BA6DBCB8BCBA7E1A9BFD8 /* [CP] Check Pods Manifest.lock */ = {
			isa = PBXShellScriptBuildPhase;
			buildActionMask = 2147483647;
			files = (
			);
			inputFileListPaths = (
			);
			inputPaths = (
				"${PODS_PODFILE_DIR_PATH}/Podfile.lock",
				"${PODS_ROOT}/Manifest.lock",
			);
			name = "[CP] Check Pods Manifest.lock";
			outputFileListPaths = (
			);
			outputPaths = (
				"$(DERIVED_FILE_DIR)/Pods-RWPickFlavor-checkManifestLockResult.txt",
			);
			runOnlyForDeploymentPostprocessing = 0;
			shellPath = /bin/sh;
			shellScript = "diff \"${PODS_PODFILE_DIR_PATH}/Podfile.lock\" \"${PODS_ROOT}/Manifest.lock\" > /dev/null\nif [ $? != 0 ] ; then\n    # print error to STDERR\n    echo \"error: The sandbox is not in sync with the Podfile.lock. Run 'pod install' or update your CocoaPods installation.\" >&2\n    exit 1\nfi\n# This output is used by Xcode 'outputs' to avoid re-running this script phase.\necho \"SUCCESS\" > \"${SCRIPT_OUTPUT_FILE_0}\"\n";
			showEnvVarsInLog = 0;
		};
/* End PBXShellScriptBuildPhase section */

/* Begin PBXSourcesBuildPhase section */
		D845316E213695D3002F8AE4 /* Sources */ = {
			isa = PBXSourcesBuildPhase;
			buildActionMask = 2147483647;
			files = (
				D88E643D2136C6C8004473D7 /* PickFlavorViewController.swift in Sources */,
				D88E64402136C6C8004473D7 /* Flavor.swift in Sources */,
				D88E643E2136C6C8004473D7 /* PickFlavorDataSource.swift in Sources */,
				D88E64452136C6C8004473D7 /* IceCreamView.swift in Sources */,
				D88E643F2136C6C8004473D7 /* RGBAColorFromString.swift in Sources */,
				D88E64422136C6C8004473D7 /* ScoopCell.swift in Sources */,
				D88E64432136C6C8004473D7 /* ScoopView.swift in Sources */,
			);
			runOnlyForDeploymentPostprocessing = 0;
		};
/* End PBXSourcesBuildPhase section */

/* Begin PBXVariantGroup section */
		D88E643A2136C6C8004473D7 /* Main.storyboard */ = {
			isa = PBXVariantGroup;
			children = (
				D88E643B2136C6C8004473D7 /* Base */,
			);
			name = Main.storyboard;
			sourceTree = "<group>";
		};
/* End PBXVariantGroup section */

/* Begin XCBuildConfiguration section */
		D8453178213695D3002F8AE4 /* Debug */ = {
			isa = XCBuildConfiguration;
			buildSettings = {
				ALWAYS_SEARCH_USER_PATHS = NO;
				CLANG_ANALYZER_NONNULL = YES;
				CLANG_ANALYZER_NUMBER_OBJECT_CONVERSION = YES_AGGRESSIVE;
				CLANG_CXX_LANGUAGE_STANDARD = "gnu++14";
				CLANG_CXX_LIBRARY = "libc++";
				CLANG_ENABLE_MODULES = YES;
				CLANG_ENABLE_OBJC_ARC = YES;
				CLANG_ENABLE_OBJC_WEAK = YES;
				CLANG_WARN_BLOCK_CAPTURE_AUTORELEASING = YES;
				CLANG_WARN_BOOL_CONVERSION = YES;
				CLANG_WARN_COMMA = YES;
				CLANG_WARN_CONSTANT_CONVERSION = YES;
				CLANG_WARN_DEPRECATED_OBJC_IMPLEMENTATIONS = YES;
				CLANG_WARN_DIRECT_OBJC_ISA_USAGE = YES_ERROR;
				CLANG_WARN_DOCUMENTATION_COMMENTS = YES;
				CLANG_WARN_EMPTY_BODY = YES;
				CLANG_WARN_ENUM_CONVERSION = YES;
				CLANG_WARN_INFINITE_RECURSION = YES;
				CLANG_WARN_INT_CONVERSION = YES;
				CLANG_WARN_NON_LITERAL_NULL_CONVERSION = YES;
				CLANG_WARN_OBJC_IMPLICIT_RETAIN_SELF = YES;
				CLANG_WARN_OBJC_LITERAL_CONVERSION = YES;
				CLANG_WARN_OBJC_ROOT_CLASS = YES_ERROR;
				CLANG_WARN_RANGE_LOOP_ANALYSIS = YES;
				CLANG_WARN_STRICT_PROTOTYPES = YES;
				CLANG_WARN_SUSPICIOUS_MOVE = YES;
				CLANG_WARN_UNGUARDED_AVAILABILITY = YES_AGGRESSIVE;
				CLANG_WARN_UNREACHABLE_CODE = YES;
				CLANG_WARN__DUPLICATE_METHOD_MATCH = YES;
				CODE_SIGN_IDENTITY = "iPhone Developer";
				COPY_PHASE_STRIP = NO;
				CURRENT_PROJECT_VERSION = 1;
				DEBUG_INFORMATION_FORMAT = dwarf;
				ENABLE_STRICT_OBJC_MSGSEND = YES;
				ENABLE_TESTABILITY = YES;
				GCC_C_LANGUAGE_STANDARD = gnu11;
				GCC_DYNAMIC_NO_PIC = NO;
				GCC_NO_COMMON_BLOCKS = YES;
				GCC_OPTIMIZATION_LEVEL = 0;
				GCC_PREPROCESSOR_DEFINITIONS = (
					"DEBUG=1",
					"$(inherited)",
				);
				GCC_WARN_64_TO_32_BIT_CONVERSION = YES;
				GCC_WARN_ABOUT_RETURN_TYPE = YES_ERROR;
				GCC_WARN_UNDECLARED_SELECTOR = YES;
				GCC_WARN_UNINITIALIZED_AUTOS = YES_AGGRESSIVE;
				GCC_WARN_UNUSED_FUNCTION = YES;
				GCC_WARN_UNUSED_VARIABLE = YES;
				IPHONEOS_DEPLOYMENT_TARGET = 12.0;
				MTL_ENABLE_DEBUG_INFO = INCLUDE_SOURCE;
				MTL_FAST_MATH = YES;
				ONLY_ACTIVE_ARCH = YES;
				SDKROOT = iphoneos;
				SWIFT_ACTIVE_COMPILATION_CONDITIONS = DEBUG;
				SWIFT_OPTIMIZATION_LEVEL = "-Onone";
				VERSIONING_SYSTEM = "apple-generic";
				VERSION_INFO_PREFIX = "";
			};
			name = Debug;
		};
		D8453179213695D3002F8AE4 /* Release */ = {
			isa = XCBuildConfiguration;
			buildSettings = {
				ALWAYS_SEARCH_USER_PATHS = NO;
				CLANG_ANALYZER_NONNULL = YES;
				CLANG_ANALYZER_NUMBER_OBJECT_CONVERSION = YES_AGGRESSIVE;
				CLANG_CXX_LANGUAGE_STANDARD = "gnu++14";
				CLANG_CXX_LIBRARY = "libc++";
				CLANG_ENABLE_MODULES = YES;
				CLANG_ENABLE_OBJC_ARC = YES;
				CLANG_ENABLE_OBJC_WEAK = YES;
				CLANG_WARN_BLOCK_CAPTURE_AUTORELEASING = YES;
				CLANG_WARN_BOOL_CONVERSION = YES;
				CLANG_WARN_COMMA = YES;
				CLANG_WARN_CONSTANT_CONVERSION = YES;
				CLANG_WARN_DEPRECATED_OBJC_IMPLEMENTATIONS = YES;
				CLANG_WARN_DIRECT_OBJC_ISA_USAGE = YES_ERROR;
				CLANG_WARN_DOCUMENTATION_COMMENTS = YES;
				CLANG_WARN_EMPTY_BODY = YES;
				CLANG_WARN_ENUM_CONVERSION = YES;
				CLANG_WARN_INFINITE_RECURSION = YES;
				CLANG_WARN_INT_CONVERSION = YES;
				CLANG_WARN_NON_LITERAL_NULL_CONVERSION = YES;
				CLANG_WARN_OBJC_IMPLICIT_RETAIN_SELF = YES;
				CLANG_WARN_OBJC_LITERAL_CONVERSION = YES;
				CLANG_WARN_OBJC_ROOT_CLASS = YES_ERROR;
				CLANG_WARN_RANGE_LOOP_ANALYSIS = YES;
				CLANG_WARN_STRICT_PROTOTYPES = YES;
				CLANG_WARN_SUSPICIOUS_MOVE = YES;
				CLANG_WARN_UNGUARDED_AVAILABILITY = YES_AGGRESSIVE;
				CLANG_WARN_UNREACHABLE_CODE = YES;
				CLANG_WARN__DUPLICATE_METHOD_MATCH = YES;
				CODE_SIGN_IDENTITY = "iPhone Developer";
				COPY_PHASE_STRIP = NO;
				CURRENT_PROJECT_VERSION = 1;
				DEBUG_INFORMATION_FORMAT = "dwarf-with-dsym";
				ENABLE_NS_ASSERTIONS = NO;
				ENABLE_STRICT_OBJC_MSGSEND = YES;
				GCC_C_LANGUAGE_STANDARD = gnu11;
				GCC_NO_COMMON_BLOCKS = YES;
				GCC_WARN_64_TO_32_BIT_CONVERSION = YES;
				GCC_WARN_ABOUT_RETURN_TYPE = YES_ERROR;
				GCC_WARN_UNDECLARED_SELECTOR = YES;
				GCC_WARN_UNINITIALIZED_AUTOS = YES_AGGRESSIVE;
				GCC_WARN_UNUSED_FUNCTION = YES;
				GCC_WARN_UNUSED_VARIABLE = YES;
				IPHONEOS_DEPLOYMENT_TARGET = 12.0;
				MTL_ENABLE_DEBUG_INFO = NO;
				MTL_FAST_MATH = YES;
				SDKROOT = iphoneos;
				SWIFT_COMPILATION_MODE = wholemodule;
				SWIFT_OPTIMIZATION_LEVEL = "-O";
				VALIDATE_PRODUCT = YES;
				VERSIONING_SYSTEM = "apple-generic";
				VERSION_INFO_PREFIX = "";
			};
			name = Release;
		};
		D845317B213695D3002F8AE4 /* Debug */ = {
			isa = XCBuildConfiguration;
			baseConfigurationReference = 287A185992F9435690939A4D /* Pods-RWPickFlavor.debug.xcconfig */;
			buildSettings = {
				CODE_SIGN_IDENTITY = "";
				CODE_SIGN_STYLE = Automatic;
				DEFINES_MODULE = YES;
				DEVELOPMENT_TEAM = 465NJ266L5;
				DYLIB_COMPATIBILITY_VERSION = 1;
				DYLIB_CURRENT_VERSION = 1;
				DYLIB_INSTALL_NAME_BASE = "@rpath";
				INFOPLIST_FILE = RWPickFlavor/Info.plist;
				INSTALL_PATH = "$(LOCAL_LIBRARY_DIR)/Frameworks";
				LD_RUNPATH_SEARCH_PATHS = (
					"$(inherited)",
					"@executable_path/Frameworks",
					"@loader_path/Frameworks",
				);
				MACH_O_TYPE = mh_dylib;
				PRODUCT_BUNDLE_IDENTIFIER = com.hx.RWPickFlavor;
				PRODUCT_NAME = "$(TARGET_NAME:c99extidentifier)";
				SKIP_INSTALL = YES;
				SWIFT_VERSION = 4.2;
				TARGETED_DEVICE_FAMILY = "1,2";
			};
			name = Debug;
		};
		D845317C213695D3002F8AE4 /* Release */ = {
			isa = XCBuildConfiguration;
			baseConfigurationReference = F2733F204C4276E45C58BA68 /* Pods-RWPickFlavor.release.xcconfig */;
			buildSettings = {
				CODE_SIGN_IDENTITY = "";
				CODE_SIGN_STYLE = Automatic;
				DEFINES_MODULE = YES;
				DEVELOPMENT_TEAM = 465NJ266L5;
				DYLIB_COMPATIBILITY_VERSION = 1;
				DYLIB_CURRENT_VERSION = 1;
				DYLIB_INSTALL_NAME_BASE = "@rpath";
				INFOPLIST_FILE = RWPickFlavor/Info.plist;
				INSTALL_PATH = "$(LOCAL_LIBRARY_DIR)/Frameworks";
				LD_RUNPATH_SEARCH_PATHS = (
					"$(inherited)",
					"@executable_path/Frameworks",
					"@loader_path/Frameworks",
				);
				MACH_O_TYPE = mh_dylib;
				PRODUCT_BUNDLE_IDENTIFIER = com.hx.RWPickFlavor;
				PRODUCT_NAME = "$(TARGET_NAME:c99extidentifier)";
				SKIP_INSTALL = YES;
				SWIFT_VERSION = 4.2;
				TARGETED_DEVICE_FAMILY = "1,2";
			};
			name = Release;
		};
/* End XCBuildConfiguration section */

/* Begin XCConfigurationList section */
		D845316C213695D3002F8AE4 /* Build configuration list for PBXProject "RWPickFlavor" */ = {
			isa = XCConfigurationList;
			buildConfigurations = (
				D8453178213695D3002F8AE4 /* Debug */,
				D8453179213695D3002F8AE4 /* Release */,
			);
			defaultConfigurationIsVisible = 0;
			defaultConfigurationName = Release;
		};
		D845317A213695D3002F8AE4 /* Build configuration list for PBXNativeTarget "RWPickFlavor" */ = {
			isa = XCConfigurationList;
			buildConfigurations = (
				D845317B213695D3002F8AE4 /* Debug */,
				D845317C213695D3002F8AE4 /* Release */,
			);
			defaultConfigurationIsVisible = 0;
			defaultConfigurationName = Release;
		};
/* End XCConfigurationList section */
	};
	rootObject = D8453169213695D3002F8AE4 /* Project object */;
}
